
Microsoft Visual Studio Solution File, Format Version 12.00
# Visual Studio Version 17
VisualStudioVersion = 17.14.36414.22
MinimumVisualStudioVersion = 10.0.40219.1
Project("{FAE04EC0-301F-11D3-BF4B-00C04F79EFBC}") = "AssignmentSystem.API", "AssignmentSystem.API\AssignmentSystem.API.csproj", "{93FC7639-5EED-4DD7-9596-199E1531226B}"
EndProject
Project("{FAE04EC0-301F-11D3-BF4B-00C04F79EFBC}") = "AssignmentSystem.Domain", "AssignmentSystem.Domain\AssignmentSystem.Domain.csproj", "{BD806157-B847-4462-921D-C9DB34048ABD}"
EndProject
Project("{FAE04EC0-301F-11D3-BF4B-00C04F79EFBC}") = "AssignmentSystem.Application", "AssignmentSystem.Application\AssignmentSystem.Application.csproj", "{CF540B74-B41B-46E4-9170-EF0D09C9BFE0}"
EndProject
Project("{FAE04EC0-301F-11D3-BF4B-00C04F79EFBC}") = "AssignmentSystem.Infrastructure", "AssignmentSystem.Infrastructure\AssignmentSystem.Infrastructure.csproj", "{4374F4B0-B0A5-4AA8-B5B9-5BAA3B994FC7}"
EndProject
Project("{FAE04EC0-301F-11D3-BF4B-00C04F79EFBC}") = "AssignmentSystem.UnitTests", "AssignmentSystem.UnitTests\AssignmentSystem.UnitTests.csproj", "{4D7ADF4C-4BFE-41D2-9AD9-75DA239DAE74}"
EndProject
Global
	GlobalSection(SolutionConfigurationPlatforms) = preSolution
		Debug|Any CPU = Debug|Any CPU
		Debug|x64 = Debug|x64
		Debug|x86 = Debug|x86
		Release|Any CPU = Release|Any CPU
		Release|x64 = Release|x64
		Release|x86 = Release|x86
	EndGlobalSection
	GlobalSection(ProjectConfigurationPlatforms) = postSolution
		{93FC7639-5EED-4DD7-9596-199E1531226B}.Debug|Any CPU.ActiveCfg = Debug|Any CPU
		{93FC7639-5EED-4DD7-9596-199E1531226B}.Debug|Any CPU.Build.0 = Debug|Any CPU
		{93FC7639-5EED-4DD7-9596-199E1531226B}.Debug|x64.ActiveCfg = Debug|Any CPU
		{93FC7639-5EED-4DD7-9596-199E1531226B}.Debug|x64.Build.0 = Debug|Any CPU
		{93FC7639-5EED-4DD7-9596-199E1531226B}.Debug|x86.ActiveCfg = Debug|Any CPU
		{93FC7639-5EED-4DD7-9596-199E1531226B}.Debug|x86.Build.0 = Debug|Any CPU
		{93FC7639-5EED-4DD7-9596-199E1531226B}.Release|Any CPU.ActiveCfg = Release|Any CPU
		{93FC7639-5EED-4DD7-9596-199E1531226B}.Release|Any CPU.Build.0 = Release|Any CPU
		{93FC7639-5EED-4DD7-9596-199E1531226B}.Release|x64.ActiveCfg = Release|Any CPU
		{93FC7639-5EED-4DD7-9596-199E1531226B}.Release|x64.Build.0 = Release|Any CPU
		{93FC7639-5EED-4DD7-9596-199E1531226B}.Release|x86.ActiveCfg = Release|Any CPU
		{93FC7639-5EED-4DD7-9596-199E1531226B}.Release|x86.Build.0 = Release|Any CPU
		{BD806157-B847-4462-921D-C9DB34048ABD}.Debug|Any CPU.ActiveCfg = Debug|Any CPU
		{BD806157-B847-4462-921D-C9DB34048ABD}.Debug|Any CPU.Build.0 = Debug|Any CPU
		{BD806157-B847-4462-921D-C9DB34048ABD}.Debug|x64.ActiveCfg = Debug|Any CPU
		{BD806157-B847-4462-921D-C9DB34048ABD}.Debug|x64.Build.0 = Debug|Any CPU
		{BD806157-B847-4462-921D-C9DB34048ABD}.Debug|x86.ActiveCfg = Debug|Any CPU
		{BD806157-B847-4462-921D-C9DB34048ABD}.Debug|x86.Build.0 = Debug|Any CPU
		{BD806157-B847-4462-921D-C9DB34048ABD}.Release|Any CPU.ActiveCfg = Release|Any CPU
		{BD806157-B847-4462-921D-C9DB34048ABD}.Release|Any CPU.Build.0 = Release|Any CPU
		{BD806157-B847-4462-921D-C9DB34048ABD}.Release|x64.ActiveCfg = Release|Any CPU
		{BD806157-B847-4462-921D-C9DB34048ABD}.Release|x64.Build.0 = Release|Any CPU
		{BD806157-B847-4462-921D-C9DB34048ABD}.Release|x86.ActiveCfg = Release|Any CPU
		{BD806157-B847-4462-921D-C9DB34048ABD}.Release|x86.Build.0 = Release|Any CPU
		{CF540B74-B41B-46E4-9170-EF0D09C9BFE0}.Debug|Any CPU.ActiveCfg = Debug|Any CPU
		{CF540B74-B41B-46E4-9170-EF0D09C9BFE0}.Debug|Any CPU.Build.0 = Debug|Any CPU
		{CF540B74-B41B-46E4-9170-EF0D09C9BFE0}.Debug|x64.ActiveCfg = Debug|Any CPU
		{CF540B74-B41B-46E4-9170-EF0D09C9BFE0}.Debug|x64.Build.0 = Debug|Any CPU
		{CF540B74-B41B-46E4-9170-EF0D09C9BFE0}.Debug|x86.ActiveCfg = Debug|Any CPU
		{CF540B74-B41B-46E4-9170-EF0D09C9BFE0}.Debug|x86.Build.0 = Debug|Any CPU
		{CF540B74-B41B-46E4-9170-EF0D09C9BFE0}.Release|Any CPU.ActiveCfg = Release|Any CPU
		{CF540B74-B41B-46E4-9170-EF0D09C9BFE0}.Release|Any CPU.Build.0 = Release|Any CPU
		{CF540B74-B41B-46E4-9170-EF0D09C9BFE0}.Release|x64.ActiveCfg = Release|Any CPU
		{CF540B74-B41B-46E4-9170-EF0D09C9BFE0}.Release|x64.Build.0 = Release|Any CPU
		{CF540B74-B41B-46E4-9170-EF0D09C9BFE0}.Release|x86.ActiveCfg = Release|Any CPU
		{CF540B74-B41B-46E4-9170-EF0D09C9BFE0}.Release|x86.Build.0 = Release|Any CPU
		{4374F4B0-B0A5-4AA8-B5B9-5BAA3B994FC7}.Debug|Any CPU.ActiveCfg = Debug|Any CPU
		{4374F4B0-B0A5-4AA8-B5B9-5BAA3B994FC7}.Debug|Any CPU.Build.0 = Debug|Any CPU
		{4374F4B0-B0A5-4AA8-B5B9-5BAA3B994FC7}.Debug|x64.ActiveCfg = Debug|Any CPU
		{4374F4B0-B0A5-4AA8-B5B9-5BAA3B994FC7}.Debug|x64.Build.0 = Debug|Any CPU
		{4374F4B0-B0A5-4AA8-B5B9-5BAA3B994FC7}.Debug|x86.ActiveCfg = Debug|Any CPU
		{4374F4B0-B0A5-4AA8-B5B9-5BAA3B994FC7}.Debug|x86.Build.0 = Debug|Any CPU
		{4374F4B0-B0A5-4AA8-B5B9-5BAA3B994FC7}.Release|Any CPU.ActiveCfg = Release|Any CPU
		{4374F4B0-B0A5-4AA8-B5B9-5BAA3B994FC7}.Release|Any CPU.Build.0 = Release|Any CPU
		{4374F4B0-B0A5-4AA8-B5B9-5BAA3B994FC7}.Release|x64.ActiveCfg = Release|Any CPU
		{4374F4B0-B0A5-4AA8-B5B9-5BAA3B994FC7}.Release|x64.Build.0 = Release|Any CPU
		{4374F4B0-B0A5-4AA8-B5B9-5BAA3B994FC7}.Release|x86.ActiveCfg = Release|Any CPU
		{4374F4B0-B0A5-4AA8-B5B9-5BAA3B994FC7}.Release|x86.Build.0 = Release|Any CPU
		{4D7ADF4C-4BFE-41D2-9AD9-75DA239DAE74}.Debug|Any CPU.ActiveCfg = Debug|Any CPU
		{4D7ADF4C-4BFE-41D2-9AD9-75DA239DAE74}.Debug|Any CPU.Build.0 = Debug|Any CPU
		{4D7ADF4C-4BFE-41D2-9AD9-75DA239DAE74}.Debug|x64.ActiveCfg = Debug|Any CPU
		{4D7ADF4C-4BFE-41D2-9AD9-75DA239DAE74}.Debug|x64.Build.0 = Debug|Any CPU
		{4D7ADF4C-4BFE-41D2-9AD9-75DA239DAE74}.Debug|x86.ActiveCfg = Debug|Any CPU
		{4D7ADF4C-4BFE-41D2-9AD9-75DA239DAE74}.Debug|x86.Build.0 = Debug|Any CPU
		{4D7ADF4C-4BFE-41D2-9AD9-75DA239DAE74}.Release|Any CPU.ActiveCfg = Release|Any CPU
		{4D7ADF4C-4BFE-41D2-9AD9-75DA239DAE74}.Release|Any CPU.Build.0 = Release|Any CPU
		{4D7ADF4C-4BFE-41D2-9AD9-75DA239DAE74}.Release|x64.ActiveCfg = Release|Any CPU
		{4D7ADF4C-4BFE-41D2-9AD9-75DA239DAE74}.Release|x64.Build.0 = Release|Any CPU
		{4D7ADF4C-4BFE-41D2-9AD9-75DA239DAE74}.Release|x86.ActiveCfg = Release|Any CPU
		{4D7ADF4C-4BFE-41D2-9AD9-75DA239DAE74}.Release|x86.Build.0 = Release|Any CPU
	EndGlobalSection
	GlobalSection(SolutionProperties) = preSolution
		HideSolutionNode = FALSE
	EndGlobalSection
	GlobalSection(ExtensibilityGlobals) = postSolution
		SolutionGuid = {D0CA8B95-BEC1-41F1-9743-10D571B5A824}
	EndGlobalSection
EndGlobal
